
Microsoft Visual Studio Solution File, Format Version 12.00
# Visual Studio Version 17
VisualStudioVersion = 17.9.34616.47
MinimumVisualStudioVersion = 10.0.40219.1
Project("{2150E333-8FDC-42A3-9474-1A3956D46DE8}") = "Creational", "Creational", "{F4D49D11-BE20-4C08-83A3-1BE64DBF6AE7}"
EndProject
Project("{9A19103F-16F7-4668-BE54-9A1E7A4F7556}") = "FactoryMethod", "FactoryMethod\FactoryMethod.csproj", "{7442CB31-BA78-4967-B97B-8E86F67EB5F4}"
EndProject
Project("{9A19103F-16F7-4668-BE54-9A1E7A4F7556}") = "AbstractFactory", "AbstractFactory\AbstractFactory.csproj", "{CA86CB28-E228-4B6D-B6F2-E45BEDC816A7}"
EndProject
Project("{9A19103F-16F7-4668-BE54-9A1E7A4F7556}") = "Builder", "Builder\Builder.csproj", "{B7725D3F-817C-455C-A55F-629DC754C973}"
EndProject
Project("{9A19103F-16F7-4668-BE54-9A1E7A4F7556}") = "ProtoType", "ProtoType\ProtoType.csproj", "{6EAF507C-6A93-4C9A-8D60-C1AE60D8B3D7}"
EndProject
Project("{9A19103F-16F7-4668-BE54-9A1E7A4F7556}") = "Singleton", "Singleton\Singleton.csproj", "{9D0AD57F-C623-4847-A60D-BB9382F15261}"
EndProject
Project("{2150E333-8FDC-42A3-9474-1A3956D46DE8}") = "Structural", "Structural", "{21E3CBDA-773B-41F8-873C-02AD1A720D14}"
EndProject
Project("{9A19103F-16F7-4668-BE54-9A1E7A4F7556}") = "Adapter", "Adapter\Adapter.csproj", "{CEDCDED0-39E3-4D6D-A5AA-1C0F3EC2BC37}"
EndProject
Project("{9A19103F-16F7-4668-BE54-9A1E7A4F7556}") = "Bridge", "Bridge\Bridge.csproj", "{60862B57-ABFD-4270-BD68-A794D01A6F74}"
EndProject
Project("{9A19103F-16F7-4668-BE54-9A1E7A4F7556}") = "Composite", "Composite\Composite.csproj", "{99F758E6-DC23-449D-8F05-62B1363D0C25}"
EndProject
Project("{FAE04EC0-301F-11D3-BF4B-00C04F79EFBC}") = "Decorator", "Decorator\Decorator.csproj", "{9B9E8E88-00F6-44BA-8993-EEC964287E98}"
EndProject
Global
	GlobalSection(SolutionConfigurationPlatforms) = preSolution
		Debug|Any CPU = Debug|Any CPU
		Release|Any CPU = Release|Any CPU
	EndGlobalSection
	GlobalSection(ProjectConfigurationPlatforms) = postSolution
		{7442CB31-BA78-4967-B97B-8E86F67EB5F4}.Debug|Any CPU.ActiveCfg = Debug|Any CPU
		{7442CB31-BA78-4967-B97B-8E86F67EB5F4}.Debug|Any CPU.Build.0 = Debug|Any CPU
		{7442CB31-BA78-4967-B97B-8E86F67EB5F4}.Release|Any CPU.ActiveCfg = Release|Any CPU
		{7442CB31-BA78-4967-B97B-8E86F67EB5F4}.Release|Any CPU.Build.0 = Release|Any CPU
		{CA86CB28-E228-4B6D-B6F2-E45BEDC816A7}.Debug|Any CPU.ActiveCfg = Debug|Any CPU
		{CA86CB28-E228-4B6D-B6F2-E45BEDC816A7}.Debug|Any CPU.Build.0 = Debug|Any CPU
		{CA86CB28-E228-4B6D-B6F2-E45BEDC816A7}.Release|Any CPU.ActiveCfg = Release|Any CPU
		{CA86CB28-E228-4B6D-B6F2-E45BEDC816A7}.Release|Any CPU.Build.0 = Release|Any CPU
		{B7725D3F-817C-455C-A55F-629DC754C973}.Debug|Any CPU.ActiveCfg = Debug|Any CPU
		{B7725D3F-817C-455C-A55F-629DC754C973}.Debug|Any CPU.Build.0 = Debug|Any CPU
		{B7725D3F-817C-455C-A55F-629DC754C973}.Release|Any CPU.ActiveCfg = Release|Any CPU
		{B7725D3F-817C-455C-A55F-629DC754C973}.Release|Any CPU.Build.0 = Release|Any CPU
		{6EAF507C-6A93-4C9A-8D60-C1AE60D8B3D7}.Debug|Any CPU.ActiveCfg = Debug|Any CPU
		{6EAF507C-6A93-4C9A-8D60-C1AE60D8B3D7}.Debug|Any CPU.Build.0 = Debug|Any CPU
		{6EAF507C-6A93-4C9A-8D60-C1AE60D8B3D7}.Release|Any CPU.ActiveCfg = Release|Any CPU
		{6EAF507C-6A93-4C9A-8D60-C1AE60D8B3D7}.Release|Any CPU.Build.0 = Release|Any CPU
		{9D0AD57F-C623-4847-A60D-BB9382F15261}.Debug|Any CPU.ActiveCfg = Debug|Any CPU
		{9D0AD57F-C623-4847-A60D-BB9382F15261}.Debug|Any CPU.Build.0 = Debug|Any CPU
		{9D0AD57F-C623-4847-A60D-BB9382F15261}.Release|Any CPU.ActiveCfg = Release|Any CPU
		{9D0AD57F-C623-4847-A60D-BB9382F15261}.Release|Any CPU.Build.0 = Release|Any CPU
		{CEDCDED0-39E3-4D6D-A5AA-1C0F3EC2BC37}.Debug|Any CPU.ActiveCfg = Debug|Any CPU
		{CEDCDED0-39E3-4D6D-A5AA-1C0F3EC2BC37}.Debug|Any CPU.Build.0 = Debug|Any CPU
		{CEDCDED0-39E3-4D6D-A5AA-1C0F3EC2BC37}.Release|Any CPU.ActiveCfg = Release|Any CPU
		{CEDCDED0-39E3-4D6D-A5AA-1C0F3EC2BC37}.Release|Any CPU.Build.0 = Release|Any CPU
		{60862B57-ABFD-4270-BD68-A794D01A6F74}.Debug|Any CPU.ActiveCfg = Debug|Any CPU
		{60862B57-ABFD-4270-BD68-A794D01A6F74}.Debug|Any CPU.Build.0 = Debug|Any CPU
		{60862B57-ABFD-4270-BD68-A794D01A6F74}.Release|Any CPU.ActiveCfg = Release|Any CPU
		{60862B57-ABFD-4270-BD68-A794D01A6F74}.Release|Any CPU.Build.0 = Release|Any CPU
		{99F758E6-DC23-449D-8F05-62B1363D0C25}.Debug|Any CPU.ActiveCfg = Debug|Any CPU
		{99F758E6-DC23-449D-8F05-62B1363D0C25}.Debug|Any CPU.Build.0 = Debug|Any CPU
		{99F758E6-DC23-449D-8F05-62B1363D0C25}.Release|Any CPU.ActiveCfg = Release|Any CPU
		{99F758E6-DC23-449D-8F05-62B1363D0C25}.Release|Any CPU.Build.0 = Release|Any CPU
		{9B9E8E88-00F6-44BA-8993-EEC964287E98}.Debug|Any CPU.ActiveCfg = Debug|Any CPU
		{9B9E8E88-00F6-44BA-8993-EEC964287E98}.Debug|Any CPU.Build.0 = Debug|Any CPU
		{9B9E8E88-00F6-44BA-8993-EEC964287E98}.Release|Any CPU.ActiveCfg = Release|Any CPU
		{9B9E8E88-00F6-44BA-8993-EEC964287E98}.Release|Any CPU.Build.0 = Release|Any CPU
	EndGlobalSection
	GlobalSection(SolutionProperties) = preSolution
		HideSolutionNode = FALSE
	EndGlobalSection
	GlobalSection(NestedProjects) = preSolution
		{7442CB31-BA78-4967-B97B-8E86F67EB5F4} = {F4D49D11-BE20-4C08-83A3-1BE64DBF6AE7}
		{CA86CB28-E228-4B6D-B6F2-E45BEDC816A7} = {F4D49D11-BE20-4C08-83A3-1BE64DBF6AE7}
		{B7725D3F-817C-455C-A55F-629DC754C973} = {F4D49D11-BE20-4C08-83A3-1BE64DBF6AE7}
		{6EAF507C-6A93-4C9A-8D60-C1AE60D8B3D7} = {F4D49D11-BE20-4C08-83A3-1BE64DBF6AE7}
		{9D0AD57F-C623-4847-A60D-BB9382F15261} = {F4D49D11-BE20-4C08-83A3-1BE64DBF6AE7}
		{CEDCDED0-39E3-4D6D-A5AA-1C0F3EC2BC37} = {21E3CBDA-773B-41F8-873C-02AD1A720D14}
		{60862B57-ABFD-4270-BD68-A794D01A6F74} = {21E3CBDA-773B-41F8-873C-02AD1A720D14}
		{99F758E6-DC23-449D-8F05-62B1363D0C25} = {21E3CBDA-773B-41F8-873C-02AD1A720D14}
		{9B9E8E88-00F6-44BA-8993-EEC964287E98} = {21E3CBDA-773B-41F8-873C-02AD1A720D14}
	EndGlobalSection
	GlobalSection(ExtensibilityGlobals) = postSolution
		SolutionGuid = {71771C48-4157-4F80-8CD1-85AF74762A17}
	EndGlobalSection
EndGlobal
